{
  "name": "geolocation",
  "lockfileVersion": 2,
  "requires": true,
  "packages": {
    "": {
      "devDependencies": {
        "@types/google.maps": "^3.48.8",
        "@types/node": "^17.0.34"
      }
    },
    "node_modules/@types/google.maps": {
      "version": "3.48.8",
      "resolved": "https://registry.npmjs.org/@types/google.maps/-/google.maps-3.48.8.tgz",
      "integrity": "sha512-//H3NjhH8GqWOdSecsodAc1FtcGWZKTi45q59Ym/sV0F8bituz4JcPicLRhSvdSLi9fjZKNUUdjXwgJeWv/M5w==",
      "dev": true
    },
    "node_modules/@types/node": {
      "version": "17.0.34",
      "resolved": "https://registry.npmjs.org/@types/node/-/node-17.0.34.tgz",
      "integrity": "sha512-XImEz7XwTvDBtzlTnm8YvMqGW/ErMWBsKZ+hMTvnDIjGCKxwK5Xpc+c/oQjOauwq8M4OS11hEkpjX8rrI/eEgA==",
      "dev": true
    }
  },
  "dependencies": {
    "@types/google.maps": {
      "version": "3.48.8",
      "resolved": "https://registry.npmjs.org/@types/google.maps/-/google.maps-3.48.8.tgz",
      "integrity": "sha512-//H3NjhH8GqWOdSecsodAc1FtcGWZKTi45q59Ym/sV0F8bituz4JcPicLRhSvdSLi9fjZKNUUdjXwgJeWv/M5w==",
      "dev": true
    },
    "@types/node": {
      "version": "17.0.34",
      "resolved": "https://registry.npmjs.org/@types/node/-/node-17.0.34.tgz",
      "integrity": "sha512-XImEz7XwTvDBtzlTnm8YvMqGW/ErMWBsKZ+hMTvnDIjGCKxwK5Xpc+c/oQjOauwq8M4OS11hEkpjX8rrI/eEgA==",
      "dev": true
    }
  }
}
